
Microsoft Visual Studio Solution File, Format Version 12.00
# Visual Studio Version 17
VisualStudioVersion = 17.14.37216.2 d17.14
MinimumVisualStudioVersion = 10.0.40219.1
Project("{FAE04EC0-301F-11D3-BF4B-00C04F79EFBC}") = "VersionUpdaterHTML", "VersionUpdaterHTML.csproj", "{D9AB904D-0B4B-4BB3-A657-C5BD996E50C1}"
EndProject
Global
	GlobalSection(SolutionConfigurationPlatforms) = preSolution
		Debug|Any CPU = Debug|Any CPU
		Release|Any CPU = Release|Any CPU
	EndGlobalSection
	GlobalSection(ProjectConfigurationPlatforms) = postSolution
		{D9AB904D-0B4B-4BB3-A657-C5BD996E50C1}.Debug|Any CPU.ActiveCfg = Debug|Any CPU
		{D9AB904D-0B4B-4BB3-A657-C5BD996E50C1}.Debug|Any CPU.Build.0 = Debug|Any CPU
		{D9AB904D-0B4B-4BB3-A657-C5BD996E50C1}.Release|Any CPU.ActiveCfg = Release|Any CPU
		{D9AB904D-0B4B-4BB3-A657-C5BD996E50C1}.Release|Any CPU.Build.0 = Release|Any CPU
	EndGlobalSection
	GlobalSection(SolutionProperties) = preSolution
		HideSolutionNode = FALSE
	EndGlobalSection
	GlobalSection(ExtensibilityGlobals) = postSolution
		SolutionGuid = {1DCF3CF4-937D-4EAA-879D-F534B3113D42}
	EndGlobalSection
EndGlobal
